
Microsoft Visual Studio Solution File, Format Version 12.00
# Visual Studio Version 16
VisualStudioVersion = 25.0.1705.4
MinimumVisualStudioVersion = 10.0.40219.1
Project("{FAE04EC0-301F-11D3-BF4B-00C04F79EFBC}") = "TutorialLogs", "TutorialLogs\TutorialLogs.csproj", "{E087B81D-5FCC-4E64-974D-332C17026662}"
EndProject
Project("{FAE04EC0-301F-11D3-BF4B-00C04F79EFBC}") = "LogicControlFlow", "LogicControlFlow\LogicControlFlow.csproj", "{106A1465-2C5B-42CA-A72F-3CA9FC1E07E7}"
EndProject
Project("{FAE04EC0-301F-11D3-BF4B-00C04F79EFBC}") = "ElseIfStatements", "ElseIfStatements\ElseIfStatements.csproj", "{9C2455EB-2B12-4C1C-B232-741F31359383}"
EndProject
Project("{FAE04EC0-301F-11D3-BF4B-00C04F79EFBC}") = "SwitchStatements", "SwitchStatements\SwitchStatements.csproj", "{C07BB370-69C8-4EAA-9A5D-89080E2F90D3}"
EndProject
Project("{FAE04EC0-301F-11D3-BF4B-00C04F79EFBC}") = "TernaryOperators", "TernaryOperators\TernaryOperators.csproj", "{1A39D79F-36D7-43C4-B647-F5C65435918B}"
EndProject
Project("{FAE04EC0-301F-11D3-BF4B-00C04F79EFBC}") = "BuildingArrays", "BuildingArrays\BuildingArrays.csproj", "{5AD0C9FD-B1B5-4261-AF9E-A60AE157C96A}"
EndProject
Project("{FAE04EC0-301F-11D3-BF4B-00C04F79EFBC}") = "ArrayLength", "ArrayLength\ArrayLength.csproj", "{C4D5F689-6E81-4386-A865-D4549D1FB16F}"
EndProject
Project("{FAE04EC0-301F-11D3-BF4B-00C04F79EFBC}") = "ConsoleCreaturesProject", "ConsoleCreaturesProject\ConsoleCreaturesProject.csproj", "{255EB8FD-46F9-4C71-AFA6-CE6074B30312}"
EndProject
Project("{FAE04EC0-301F-11D3-BF4B-00C04F79EFBC}") = "QuizMethods", "QuizMethods\QuizMethods.csproj", "{A7F99999-0EA2-4EC4-92B9-E3BAE97243B3}"
EndProject
Project("{FAE04EC0-301F-11D3-BF4B-00C04F79EFBC}") = "MadLibsProject", "MadLibsProject\MadLibsProject.csproj", "{DB715434-2ECA-497E-8809-3B0C101400E0}"
EndProject
Project("{FAE04EC0-301F-11D3-BF4B-00C04F79EFBC}") = "MadLibsProjectRevised", "MadLibsProjectRevised\MadLibsProjectRevised.csproj", "{34A7A170-5BC7-40B7-B9DC-3564B602C916}"
EndProject
Project("{FAE04EC0-301F-11D3-BF4B-00C04F79EFBC}") = "MoneyMakerProject", "MoneyMakerProject\MoneyMakerProject.csproj", "{F761CB2D-4FE6-4F41-A54D-9B8EA6CD6560}"
EndProject
Project("{FAE04EC0-301F-11D3-BF4B-00C04F79EFBC}") = "ComparisonOperatorsTravelExercise", "ComparisonOperatorsTravelExercise\ComparisonOperatorsTravelExercise.csproj", "{2D8BA5B0-4652-4DEB-BC71-2AB11B22E919}"
EndProject
Project("{FAE04EC0-301F-11D3-BF4B-00C04F79EFBC}") = "LogicalOperatorsVacationExercise", "LogicalOperatorsVacationExercise\LogicalOperatorsVacationExercise.csproj", "{0CC016A5-014C-4B3A-99CF-004E20D727F2}"
EndProject
Project("{FAE04EC0-301F-11D3-BF4B-00C04F79EFBC}") = "PasswordChecker", "PasswordChecker\PasswordChecker.csproj", "{94DF336B-EB25-4477-A862-6F23BC448FEC}"
EndProject
Project("{FAE04EC0-301F-11D3-BF4B-00C04F79EFBC}") = "ChooseAdventureProject", "ChooseAdventureProject\ChooseAdventureProject.csproj", "{D4229D8E-37A2-4DE0-83A0-918E78B3ADDE}"
EndProject
Project("{FAE04EC0-301F-11D3-BF4B-00C04F79EFBC}") = "ArrayItemsExercise", "ArrayItemsExercise\ArrayItemsExercise.csproj", "{6572F693-AE17-4928-BE18-E2A0CD71DB1E}"
EndProject
Project("{FAE04EC0-301F-11D3-BF4B-00C04F79EFBC}") = "EditingArraysExercise", "EditingArraysExercise\EditingArraysExercise.csproj", "{DD222EAD-D77C-4319-89BC-B9D4FC5F46D3}"
EndProject
Project("{FAE04EC0-301F-11D3-BF4B-00C04F79EFBC}") = "BuiltInMethodsExercise", "BuiltInMethodsExercise\BuiltInMethodsExercise.csproj", "{7408EABC-D2C4-41EE-AE3D-0FD9D2F94739}"
EndProject
Project("{FAE04EC0-301F-11D3-BF4B-00C04F79EFBC}") = "DocumentationHuntExercise", "DocumentationHuntExercise\DocumentationHuntExercise.csproj", "{F06D686A-A477-4711-903D-F1B2D3972ADA}"
EndProject
Project("{FAE04EC0-301F-11D3-BF4B-00C04F79EFBC}") = "WhileLoopExercise", "WhileLoopExercise\WhileLoopExercise.csproj", "{FF51122B-D161-454B-8A62-DF066D55DA05}"
EndProject
Project("{FAE04EC0-301F-11D3-BF4B-00C04F79EFBC}") = "DoWhileLoopExercise", "DoWhileLoopExercise\DoWhileLoopExercise.csproj", "{8876FC01-0850-4120-826B-2C066DDBA3E0}"
EndProject
Project("{FAE04EC0-301F-11D3-BF4B-00C04F79EFBC}") = "ForLoopsExercise", "ForLoopsExercise\ForLoopsExercise.csproj", "{500EBE1E-2052-4FBB-9B7A-30094C59C269}"
EndProject
Project("{FAE04EC0-301F-11D3-BF4B-00C04F79EFBC}") = "ForEachLoopProject", "ForEachLoopProject\ForEachLoopProject.csproj", "{3DDC78E3-256A-4009-BE9F-AD63E4166CD0}"
EndProject
Project("{FAE04EC0-301F-11D3-BF4B-00C04F79EFBC}") = "ComparingLoopsProject", "ComparingLoopsProject\ComparingLoopsProject.csproj", "{5E63CF02-8935-4E7B-AE74-1E70BB5CC41F}"
EndProject
Project("{FAE04EC0-301F-11D3-BF4B-00C04F79EFBC}") = "JumpStatementsExercise", "JumpStatementsExercise\JumpStatementsExercise.csproj", "{44F14E7F-B618-42BC-9BA0-E53C4D4BAEAE}"
EndProject
Project("{FAE04EC0-301F-11D3-BF4B-00C04F79EFBC}") = "FizzBuzzTest", "FizzBuzzTest\FizzBuzzTest.csproj", "{77F108E2-4736-4464-AAB3-E07C30D224F9}"
EndProject
Global
	GlobalSection(SolutionConfigurationPlatforms) = preSolution
		Debug|Any CPU = Debug|Any CPU
		Release|Any CPU = Release|Any CPU
	EndGlobalSection
	GlobalSection(ProjectConfigurationPlatforms) = postSolution
		{E087B81D-5FCC-4E64-974D-332C17026662}.Debug|Any CPU.ActiveCfg = Debug|Any CPU
		{E087B81D-5FCC-4E64-974D-332C17026662}.Debug|Any CPU.Build.0 = Debug|Any CPU
		{E087B81D-5FCC-4E64-974D-332C17026662}.Release|Any CPU.ActiveCfg = Release|Any CPU
		{E087B81D-5FCC-4E64-974D-332C17026662}.Release|Any CPU.Build.0 = Release|Any CPU
		{106A1465-2C5B-42CA-A72F-3CA9FC1E07E7}.Debug|Any CPU.ActiveCfg = Debug|Any CPU
		{106A1465-2C5B-42CA-A72F-3CA9FC1E07E7}.Debug|Any CPU.Build.0 = Debug|Any CPU
		{106A1465-2C5B-42CA-A72F-3CA9FC1E07E7}.Release|Any CPU.ActiveCfg = Release|Any CPU
		{106A1465-2C5B-42CA-A72F-3CA9FC1E07E7}.Release|Any CPU.Build.0 = Release|Any CPU
		{9C2455EB-2B12-4C1C-B232-741F31359383}.Debug|Any CPU.ActiveCfg = Debug|Any CPU
		{9C2455EB-2B12-4C1C-B232-741F31359383}.Debug|Any CPU.Build.0 = Debug|Any CPU
		{9C2455EB-2B12-4C1C-B232-741F31359383}.Release|Any CPU.ActiveCfg = Release|Any CPU
		{9C2455EB-2B12-4C1C-B232-741F31359383}.Release|Any CPU.Build.0 = Release|Any CPU
		{C07BB370-69C8-4EAA-9A5D-89080E2F90D3}.Debug|Any CPU.ActiveCfg = Debug|Any CPU
		{C07BB370-69C8-4EAA-9A5D-89080E2F90D3}.Debug|Any CPU.Build.0 = Debug|Any CPU
		{C07BB370-69C8-4EAA-9A5D-89080E2F90D3}.Release|Any CPU.ActiveCfg = Release|Any CPU
		{C07BB370-69C8-4EAA-9A5D-89080E2F90D3}.Release|Any CPU.Build.0 = Release|Any CPU
		{1A39D79F-36D7-43C4-B647-F5C65435918B}.Debug|Any CPU.ActiveCfg = Debug|Any CPU
		{1A39D79F-36D7-43C4-B647-F5C65435918B}.Debug|Any CPU.Build.0 = Debug|Any CPU
		{1A39D79F-36D7-43C4-B647-F5C65435918B}.Release|Any CPU.ActiveCfg = Release|Any CPU
		{1A39D79F-36D7-43C4-B647-F5C65435918B}.Release|Any CPU.Build.0 = Release|Any CPU
		{5AD0C9FD-B1B5-4261-AF9E-A60AE157C96A}.Debug|Any CPU.ActiveCfg = Debug|Any CPU
		{5AD0C9FD-B1B5-4261-AF9E-A60AE157C96A}.Debug|Any CPU.Build.0 = Debug|Any CPU
		{5AD0C9FD-B1B5-4261-AF9E-A60AE157C96A}.Release|Any CPU.ActiveCfg = Release|Any CPU
		{5AD0C9FD-B1B5-4261-AF9E-A60AE157C96A}.Release|Any CPU.Build.0 = Release|Any CPU
		{C4D5F689-6E81-4386-A865-D4549D1FB16F}.Debug|Any CPU.ActiveCfg = Debug|Any CPU
		{C4D5F689-6E81-4386-A865-D4549D1FB16F}.Debug|Any CPU.Build.0 = Debug|Any CPU
		{C4D5F689-6E81-4386-A865-D4549D1FB16F}.Release|Any CPU.ActiveCfg = Release|Any CPU
		{C4D5F689-6E81-4386-A865-D4549D1FB16F}.Release|Any CPU.Build.0 = Release|Any CPU
		{255EB8FD-46F9-4C71-AFA6-CE6074B30312}.Debug|Any CPU.ActiveCfg = Debug|Any CPU
		{255EB8FD-46F9-4C71-AFA6-CE6074B30312}.Debug|Any CPU.Build.0 = Debug|Any CPU
		{255EB8FD-46F9-4C71-AFA6-CE6074B30312}.Release|Any CPU.ActiveCfg = Release|Any CPU
		{255EB8FD-46F9-4C71-AFA6-CE6074B30312}.Release|Any CPU.Build.0 = Release|Any CPU
		{A7F99999-0EA2-4EC4-92B9-E3BAE97243B3}.Debug|Any CPU.ActiveCfg = Debug|Any CPU
		{A7F99999-0EA2-4EC4-92B9-E3BAE97243B3}.Debug|Any CPU.Build.0 = Debug|Any CPU
		{A7F99999-0EA2-4EC4-92B9-E3BAE97243B3}.Release|Any CPU.ActiveCfg = Release|Any CPU
		{A7F99999-0EA2-4EC4-92B9-E3BAE97243B3}.Release|Any CPU.Build.0 = Release|Any CPU
		{DB715434-2ECA-497E-8809-3B0C101400E0}.Debug|Any CPU.ActiveCfg = Debug|Any CPU
		{DB715434-2ECA-497E-8809-3B0C101400E0}.Debug|Any CPU.Build.0 = Debug|Any CPU
		{DB715434-2ECA-497E-8809-3B0C101400E0}.Release|Any CPU.ActiveCfg = Release|Any CPU
		{DB715434-2ECA-497E-8809-3B0C101400E0}.Release|Any CPU.Build.0 = Release|Any CPU
		{34A7A170-5BC7-40B7-B9DC-3564B602C916}.Debug|Any CPU.ActiveCfg = Debug|Any CPU
		{34A7A170-5BC7-40B7-B9DC-3564B602C916}.Debug|Any CPU.Build.0 = Debug|Any CPU
		{34A7A170-5BC7-40B7-B9DC-3564B602C916}.Release|Any CPU.ActiveCfg = Release|Any CPU
		{34A7A170-5BC7-40B7-B9DC-3564B602C916}.Release|Any CPU.Build.0 = Release|Any CPU
		{F761CB2D-4FE6-4F41-A54D-9B8EA6CD6560}.Debug|Any CPU.ActiveCfg = Debug|Any CPU
		{F761CB2D-4FE6-4F41-A54D-9B8EA6CD6560}.Debug|Any CPU.Build.0 = Debug|Any CPU
		{F761CB2D-4FE6-4F41-A54D-9B8EA6CD6560}.Release|Any CPU.ActiveCfg = Release|Any CPU
		{F761CB2D-4FE6-4F41-A54D-9B8EA6CD6560}.Release|Any CPU.Build.0 = Release|Any CPU
		{2D8BA5B0-4652-4DEB-BC71-2AB11B22E919}.Debug|Any CPU.ActiveCfg = Debug|Any CPU
		{2D8BA5B0-4652-4DEB-BC71-2AB11B22E919}.Debug|Any CPU.Build.0 = Debug|Any CPU
		{2D8BA5B0-4652-4DEB-BC71-2AB11B22E919}.Release|Any CPU.ActiveCfg = Release|Any CPU
		{2D8BA5B0-4652-4DEB-BC71-2AB11B22E919}.Release|Any CPU.Build.0 = Release|Any CPU
		{0CC016A5-014C-4B3A-99CF-004E20D727F2}.Debug|Any CPU.ActiveCfg = Debug|Any CPU
		{0CC016A5-014C-4B3A-99CF-004E20D727F2}.Debug|Any CPU.Build.0 = Debug|Any CPU
		{0CC016A5-014C-4B3A-99CF-004E20D727F2}.Release|Any CPU.ActiveCfg = Release|Any CPU
		{0CC016A5-014C-4B3A-99CF-004E20D727F2}.Release|Any CPU.Build.0 = Release|Any CPU
		{94DF336B-EB25-4477-A862-6F23BC448FEC}.Debug|Any CPU.ActiveCfg = Debug|Any CPU
		{94DF336B-EB25-4477-A862-6F23BC448FEC}.Debug|Any CPU.Build.0 = Debug|Any CPU
		{94DF336B-EB25-4477-A862-6F23BC448FEC}.Release|Any CPU.ActiveCfg = Release|Any CPU
		{94DF336B-EB25-4477-A862-6F23BC448FEC}.Release|Any CPU.Build.0 = Release|Any CPU
		{D4229D8E-37A2-4DE0-83A0-918E78B3ADDE}.Debug|Any CPU.ActiveCfg = Debug|Any CPU
		{D4229D8E-37A2-4DE0-83A0-918E78B3ADDE}.Debug|Any CPU.Build.0 = Debug|Any CPU
		{D4229D8E-37A2-4DE0-83A0-918E78B3ADDE}.Release|Any CPU.ActiveCfg = Release|Any CPU
		{D4229D8E-37A2-4DE0-83A0-918E78B3ADDE}.Release|Any CPU.Build.0 = Release|Any CPU
		{6572F693-AE17-4928-BE18-E2A0CD71DB1E}.Debug|Any CPU.ActiveCfg = Debug|Any CPU
		{6572F693-AE17-4928-BE18-E2A0CD71DB1E}.Debug|Any CPU.Build.0 = Debug|Any CPU
		{6572F693-AE17-4928-BE18-E2A0CD71DB1E}.Release|Any CPU.ActiveCfg = Release|Any CPU
		{6572F693-AE17-4928-BE18-E2A0CD71DB1E}.Release|Any CPU.Build.0 = Release|Any CPU
		{DD222EAD-D77C-4319-89BC-B9D4FC5F46D3}.Debug|Any CPU.ActiveCfg = Debug|Any CPU
		{DD222EAD-D77C-4319-89BC-B9D4FC5F46D3}.Debug|Any CPU.Build.0 = Debug|Any CPU
		{DD222EAD-D77C-4319-89BC-B9D4FC5F46D3}.Release|Any CPU.ActiveCfg = Release|Any CPU
		{DD222EAD-D77C-4319-89BC-B9D4FC5F46D3}.Release|Any CPU.Build.0 = Release|Any CPU
		{7408EABC-D2C4-41EE-AE3D-0FD9D2F94739}.Debug|Any CPU.ActiveCfg = Debug|Any CPU
		{7408EABC-D2C4-41EE-AE3D-0FD9D2F94739}.Debug|Any CPU.Build.0 = Debug|Any CPU
		{7408EABC-D2C4-41EE-AE3D-0FD9D2F94739}.Release|Any CPU.ActiveCfg = Release|Any CPU
		{7408EABC-D2C4-41EE-AE3D-0FD9D2F94739}.Release|Any CPU.Build.0 = Release|Any CPU
		{F06D686A-A477-4711-903D-F1B2D3972ADA}.Debug|Any CPU.ActiveCfg = Debug|Any CPU
		{F06D686A-A477-4711-903D-F1B2D3972ADA}.Debug|Any CPU.Build.0 = Debug|Any CPU
		{F06D686A-A477-4711-903D-F1B2D3972ADA}.Release|Any CPU.ActiveCfg = Release|Any CPU
		{F06D686A-A477-4711-903D-F1B2D3972ADA}.Release|Any CPU.Build.0 = Release|Any CPU
		{FF51122B-D161-454B-8A62-DF066D55DA05}.Debug|Any CPU.ActiveCfg = Debug|Any CPU
		{FF51122B-D161-454B-8A62-DF066D55DA05}.Debug|Any CPU.Build.0 = Debug|Any CPU
		{FF51122B-D161-454B-8A62-DF066D55DA05}.Release|Any CPU.ActiveCfg = Release|Any CPU
		{FF51122B-D161-454B-8A62-DF066D55DA05}.Release|Any CPU.Build.0 = Release|Any CPU
		{8876FC01-0850-4120-826B-2C066DDBA3E0}.Debug|Any CPU.ActiveCfg = Debug|Any CPU
		{8876FC01-0850-4120-826B-2C066DDBA3E0}.Debug|Any CPU.Build.0 = Debug|Any CPU
		{8876FC01-0850-4120-826B-2C066DDBA3E0}.Release|Any CPU.ActiveCfg = Release|Any CPU
		{8876FC01-0850-4120-826B-2C066DDBA3E0}.Release|Any CPU.Build.0 = Release|Any CPU
		{500EBE1E-2052-4FBB-9B7A-30094C59C269}.Debug|Any CPU.ActiveCfg = Debug|Any CPU
		{500EBE1E-2052-4FBB-9B7A-30094C59C269}.Debug|Any CPU.Build.0 = Debug|Any CPU
		{500EBE1E-2052-4FBB-9B7A-30094C59C269}.Release|Any CPU.ActiveCfg = Release|Any CPU
		{500EBE1E-2052-4FBB-9B7A-30094C59C269}.Release|Any CPU.Build.0 = Release|Any CPU
		{3DDC78E3-256A-4009-BE9F-AD63E4166CD0}.Debug|Any CPU.ActiveCfg = Debug|Any CPU
		{3DDC78E3-256A-4009-BE9F-AD63E4166CD0}.Debug|Any CPU.Build.0 = Debug|Any CPU
		{3DDC78E3-256A-4009-BE9F-AD63E4166CD0}.Release|Any CPU.ActiveCfg = Release|Any CPU
		{3DDC78E3-256A-4009-BE9F-AD63E4166CD0}.Release|Any CPU.Build.0 = Release|Any CPU
		{5E63CF02-8935-4E7B-AE74-1E70BB5CC41F}.Debug|Any CPU.ActiveCfg = Debug|Any CPU
		{5E63CF02-8935-4E7B-AE74-1E70BB5CC41F}.Debug|Any CPU.Build.0 = Debug|Any CPU
		{5E63CF02-8935-4E7B-AE74-1E70BB5CC41F}.Release|Any CPU.ActiveCfg = Release|Any CPU
		{5E63CF02-8935-4E7B-AE74-1E70BB5CC41F}.Release|Any CPU.Build.0 = Release|Any CPU
		{44F14E7F-B618-42BC-9BA0-E53C4D4BAEAE}.Debug|Any CPU.ActiveCfg = Debug|Any CPU
		{44F14E7F-B618-42BC-9BA0-E53C4D4BAEAE}.Debug|Any CPU.Build.0 = Debug|Any CPU
		{44F14E7F-B618-42BC-9BA0-E53C4D4BAEAE}.Release|Any CPU.ActiveCfg = Release|Any CPU
		{44F14E7F-B618-42BC-9BA0-E53C4D4BAEAE}.Release|Any CPU.Build.0 = Release|Any CPU
		{77F108E2-4736-4464-AAB3-E07C30D224F9}.Debug|Any CPU.ActiveCfg = Debug|Any CPU
		{77F108E2-4736-4464-AAB3-E07C30D224F9}.Debug|Any CPU.Build.0 = Debug|Any CPU
		{77F108E2-4736-4464-AAB3-E07C30D224F9}.Release|Any CPU.ActiveCfg = Release|Any CPU
		{77F108E2-4736-4464-AAB3-E07C30D224F9}.Release|Any CPU.Build.0 = Release|Any CPU
	EndGlobalSection
	GlobalSection(SolutionProperties) = preSolution
		HideSolutionNode = FALSE
	EndGlobalSection
	GlobalSection(ExtensibilityGlobals) = postSolution
		SolutionGuid = {D324A181-CB6A-4773-AEA1-6BA9E24EEE29}
	EndGlobalSection
EndGlobal
