
Microsoft Visual Studio Solution File, Format Version 12.00
# Visual Studio Version 16
VisualStudioVersion = 25.0.1706.0
MinimumVisualStudioVersion = 10.0.40219.1
Project("{FAE04EC0-301F-11D3-BF4B-00C04F79EFBC}") = "LinqExercise", "LinqExercise\LinqExercise.csproj", "{50D342EA-64F2-4F0D-A644-7A085B7C3F76}"
EndProject
Global
	GlobalSection(SolutionConfigurationPlatforms) = preSolution
		Debug|Any CPU = Debug|Any CPU
		Release|Any CPU = Release|Any CPU
	EndGlobalSection
	GlobalSection(ProjectConfigurationPlatforms) = postSolution
		{50D342EA-64F2-4F0D-A644-7A085B7C3F76}.Debug|Any CPU.ActiveCfg = Debug|Any CPU
		{50D342EA-64F2-4F0D-A644-7A085B7C3F76}.Debug|Any CPU.Build.0 = Debug|Any CPU
		{50D342EA-64F2-4F0D-A644-7A085B7C3F76}.Release|Any CPU.ActiveCfg = Release|Any CPU
		{50D342EA-64F2-4F0D-A644-7A085B7C3F76}.Release|Any CPU.Build.0 = Release|Any CPU
	EndGlobalSection
	GlobalSection(SolutionProperties) = preSolution
		HideSolutionNode = FALSE
	EndGlobalSection
	GlobalSection(ExtensibilityGlobals) = postSolution
		SolutionGuid = {8DFAB161-2D5F-4BF5-84D6-4E18C05DC0DA}
	EndGlobalSection
EndGlobal
